
Microsoft Visual Studio Solution File, Format Version 12.00
# Visual Studio Version 17
VisualStudioVersion = 17.14.36518.9 d17.14
MinimumVisualStudioVersion = 10.0.40219.1
Project("{FAE04EC0-301F-11D3-BF4B-00C04F79EFBC}") = "BaiTap4", "BaiTap4\BaiTap4.csproj", "{55DB479C-6A68-4007-9C3D-04FA433BFD8C}"
EndProject
Global
	GlobalSection(SolutionConfigurationPlatforms) = preSolution
		Debug|Any CPU = Debug|Any CPU
		Release|Any CPU = Release|Any CPU
	EndGlobalSection
	GlobalSection(ProjectConfigurationPlatforms) = postSolution
		{55DB479C-6A68-4007-9C3D-04FA433BFD8C}.Debug|Any CPU.ActiveCfg = Debug|Any CPU
		{55DB479C-6A68-4007-9C3D-04FA433BFD8C}.Debug|Any CPU.Build.0 = Debug|Any CPU
		{55DB479C-6A68-4007-9C3D-04FA433BFD8C}.Release|Any CPU.ActiveCfg = Release|Any CPU
		{55DB479C-6A68-4007-9C3D-04FA433BFD8C}.Release|Any CPU.Build.0 = Release|Any CPU
	EndGlobalSection
	GlobalSection(SolutionProperties) = preSolution
		HideSolutionNode = FALSE
	EndGlobalSection
	GlobalSection(ExtensibilityGlobals) = postSolution
		SolutionGuid = {4C74601F-8386-4F1B-95EC-DE3F210D8558}
	EndGlobalSection
EndGlobal
